
Microsoft Visual Studio Solution File, Format Version 12.00
# Visual Studio Version 17
VisualStudioVersion = 17.0.31903.59
MinimumVisualStudioVersion = 10.0.40219.1
Project("{2150E333-8FDC-42A3-9474-1A3956D46DE8}") = "Projects", "Projects", "{17245595-230B-9055-A944-863F0DDDA8E8}"
EndProject
Project("{FAE04EC0-301F-11D3-BF4B-00C04F79EFBC}") = "Odyssey.Domain", "Projects\Odyssey.Domain.csproj", "{254E34A2-AE79-4205-8BFE-3C482F2E65F1}"
EndProject
Project("{FAE04EC0-301F-11D3-BF4B-00C04F79EFBC}") = "Odyssey.Rules", "Projects\Odyssey.Rules.csproj", "{B1003A73-DA52-49F3-BFD9-A637D5C9347D}"
EndProject
Project("{FAE04EC0-301F-11D3-BF4B-00C04F79EFBC}") = "Odyssey.Content", "Projects\Odyssey.Content.csproj", "{70936579-9DDB-452D-AC5C-1C0BB68565D9}"
EndProject
Project("{FAE04EC0-301F-11D3-BF4B-00C04F79EFBC}") = "Odyssey.Application", "Projects\Odyssey.Application.csproj", "{5E79AD3F-4376-4828-8B0B-85A3DB6BEB8E}"
EndProject
Project("{2150E333-8FDC-42A3-9474-1A3956D46DE8}") = "Tests", "Tests", "{0AB3BF05-4346-4AA6-1389-037BE0695223}"
EndProject
Project("{FAE04EC0-301F-11D3-BF4B-00C04F79EFBC}") = "Odyssey.Tests.Unit", "Tests\Odyssey.Tests.Unit\Odyssey.Tests.Unit.csproj", "{D5C69D4F-0ED5-4498-973D-9A7564AA9501}"
EndProject
Project("{FAE04EC0-301F-11D3-BF4B-00C04F79EFBC}") = "Odyssey.Tests.Domain", "Tests\Odyssey.Tests.Domain\Odyssey.Tests.Domain.csproj", "{750BC59D-51D1-4CB2-81EF-5852772A5FD7}"
EndProject
Project("{FAE04EC0-301F-11D3-BF4B-00C04F79EFBC}") = "Odyssey.Tests.Contracts", "Tests\Odyssey.Tests.Contracts\Odyssey.Tests.Contracts.csproj", "{38861828-F411-4060-96EF-5465F3424BBD}"
EndProject
Project("{FAE04EC0-301F-11D3-BF4B-00C04F79EFBC}") = "Odyssey.Tests.Architecture", "Tests\Odyssey.Tests.Architecture\Odyssey.Tests.Architecture.csproj", "{0CD37FFB-22CC-4B37-BDD7-C8DBD690AF28}"
EndProject
Global
	GlobalSection(SolutionConfigurationPlatforms) = preSolution
		Debug|Any CPU = Debug|Any CPU
		Debug|x64 = Debug|x64
		Debug|x86 = Debug|x86
		Release|Any CPU = Release|Any CPU
		Release|x64 = Release|x64
		Release|x86 = Release|x86
	EndGlobalSection
	GlobalSection(ProjectConfigurationPlatforms) = postSolution
		{254E34A2-AE79-4205-8BFE-3C482F2E65F1}.Debug|Any CPU.ActiveCfg = Debug|Any CPU
		{254E34A2-AE79-4205-8BFE-3C482F2E65F1}.Debug|Any CPU.Build.0 = Debug|Any CPU
		{254E34A2-AE79-4205-8BFE-3C482F2E65F1}.Debug|x64.ActiveCfg = Debug|Any CPU
		{254E34A2-AE79-4205-8BFE-3C482F2E65F1}.Debug|x64.Build.0 = Debug|Any CPU
		{254E34A2-AE79-4205-8BFE-3C482F2E65F1}.Debug|x86.ActiveCfg = Debug|Any CPU
		{254E34A2-AE79-4205-8BFE-3C482F2E65F1}.Debug|x86.Build.0 = Debug|Any CPU
		{254E34A2-AE79-4205-8BFE-3C482F2E65F1}.Release|Any CPU.ActiveCfg = Release|Any CPU
		{254E34A2-AE79-4205-8BFE-3C482F2E65F1}.Release|Any CPU.Build.0 = Release|Any CPU
		{254E34A2-AE79-4205-8BFE-3C482F2E65F1}.Release|x64.ActiveCfg = Release|Any CPU
		{254E34A2-AE79-4205-8BFE-3C482F2E65F1}.Release|x64.Build.0 = Release|Any CPU
		{254E34A2-AE79-4205-8BFE-3C482F2E65F1}.Release|x86.ActiveCfg = Release|Any CPU
		{254E34A2-AE79-4205-8BFE-3C482F2E65F1}.Release|x86.Build.0 = Release|Any CPU
		{B1003A73-DA52-49F3-BFD9-A637D5C9347D}.Debug|Any CPU.ActiveCfg = Debug|Any CPU
		{B1003A73-DA52-49F3-BFD9-A637D5C9347D}.Debug|Any CPU.Build.0 = Debug|Any CPU
		{B1003A73-DA52-49F3-BFD9-A637D5C9347D}.Debug|x64.ActiveCfg = Debug|Any CPU
		{B1003A73-DA52-49F3-BFD9-A637D5C9347D}.Debug|x64.Build.0 = Debug|Any CPU
		{B1003A73-DA52-49F3-BFD9-A637D5C9347D}.Debug|x86.ActiveCfg = Debug|Any CPU
		{B1003A73-DA52-49F3-BFD9-A637D5C9347D}.Debug|x86.Build.0 = Debug|Any CPU
		{B1003A73-DA52-49F3-BFD9-A637D5C9347D}.Release|Any CPU.ActiveCfg = Release|Any CPU
		{B1003A73-DA52-49F3-BFD9-A637D5C9347D}.Release|Any CPU.Build.0 = Release|Any CPU
		{B1003A73-DA52-49F3-BFD9-A637D5C9347D}.Release|x64.ActiveCfg = Release|Any CPU
		{B1003A73-DA52-49F3-BFD9-A637D5C9347D}.Release|x64.Build.0 = Release|Any CPU
		{B1003A73-DA52-49F3-BFD9-A637D5C9347D}.Release|x86.ActiveCfg = Release|Any CPU
		{B1003A73-DA52-49F3-BFD9-A637D5C9347D}.Release|x86.Build.0 = Release|Any CPU
		{70936579-9DDB-452D-AC5C-1C0BB68565D9}.Debug|Any CPU.ActiveCfg = Debug|Any CPU
		{70936579-9DDB-452D-AC5C-1C0BB68565D9}.Debug|Any CPU.Build.0 = Debug|Any CPU
		{70936579-9DDB-452D-AC5C-1C0BB68565D9}.Debug|x64.ActiveCfg = Debug|Any CPU
		{70936579-9DDB-452D-AC5C-1C0BB68565D9}.Debug|x64.Build.0 = Debug|Any CPU
		{70936579-9DDB-452D-AC5C-1C0BB68565D9}.Debug|x86.ActiveCfg = Debug|Any CPU
		{70936579-9DDB-452D-AC5C-1C0BB68565D9}.Debug|x86.Build.0 = Debug|Any CPU
		{70936579-9DDB-452D-AC5C-1C0BB68565D9}.Release|Any CPU.ActiveCfg = Release|Any CPU
		{70936579-9DDB-452D-AC5C-1C0BB68565D9}.Release|Any CPU.Build.0 = Release|Any CPU
		{70936579-9DDB-452D-AC5C-1C0BB68565D9}.Release|x64.ActiveCfg = Release|Any CPU
		{70936579-9DDB-452D-AC5C-1C0BB68565D9}.Release|x64.Build.0 = Release|Any CPU
		{70936579-9DDB-452D-AC5C-1C0BB68565D9}.Release|x86.ActiveCfg = Release|Any CPU
		{70936579-9DDB-452D-AC5C-1C0BB68565D9}.Release|x86.Build.0 = Release|Any CPU
		{5E79AD3F-4376-4828-8B0B-85A3DB6BEB8E}.Debug|Any CPU.ActiveCfg = Debug|Any CPU
		{5E79AD3F-4376-4828-8B0B-85A3DB6BEB8E}.Debug|Any CPU.Build.0 = Debug|Any CPU
		{5E79AD3F-4376-4828-8B0B-85A3DB6BEB8E}.Debug|x64.ActiveCfg = Debug|Any CPU
		{5E79AD3F-4376-4828-8B0B-85A3DB6BEB8E}.Debug|x64.Build.0 = Debug|Any CPU
		{5E79AD3F-4376-4828-8B0B-85A3DB6BEB8E}.Debug|x86.ActiveCfg = Debug|Any CPU
		{5E79AD3F-4376-4828-8B0B-85A3DB6BEB8E}.Debug|x86.Build.0 = Debug|Any CPU
		{5E79AD3F-4376-4828-8B0B-85A3DB6BEB8E}.Release|Any CPU.ActiveCfg = Release|Any CPU
		{5E79AD3F-4376-4828-8B0B-85A3DB6BEB8E}.Release|Any CPU.Build.0 = Release|Any CPU
		{5E79AD3F-4376-4828-8B0B-85A3DB6BEB8E}.Release|x64.ActiveCfg = Release|Any CPU
		{5E79AD3F-4376-4828-8B0B-85A3DB6BEB8E}.Release|x64.Build.0 = Release|Any CPU
		{5E79AD3F-4376-4828-8B0B-85A3DB6BEB8E}.Release|x86.ActiveCfg = Release|Any CPU
		{5E79AD3F-4376-4828-8B0B-85A3DB6BEB8E}.Release|x86.Build.0 = Release|Any CPU
		{D5C69D4F-0ED5-4498-973D-9A7564AA9501}.Debug|Any CPU.ActiveCfg = Debug|Any CPU
		{D5C69D4F-0ED5-4498-973D-9A7564AA9501}.Debug|Any CPU.Build.0 = Debug|Any CPU
		{D5C69D4F-0ED5-4498-973D-9A7564AA9501}.Debug|x64.ActiveCfg = Debug|Any CPU
		{D5C69D4F-0ED5-4498-973D-9A7564AA9501}.Debug|x64.Build.0 = Debug|Any CPU
		{D5C69D4F-0ED5-4498-973D-9A7564AA9501}.Debug|x86.ActiveCfg = Debug|Any CPU
		{D5C69D4F-0ED5-4498-973D-9A7564AA9501}.Debug|x86.Build.0 = Debug|Any CPU
		{D5C69D4F-0ED5-4498-973D-9A7564AA9501}.Release|Any CPU.ActiveCfg = Release|Any CPU
		{D5C69D4F-0ED5-4498-973D-9A7564AA9501}.Release|Any CPU.Build.0 = Release|Any CPU
		{D5C69D4F-0ED5-4498-973D-9A7564AA9501}.Release|x64.ActiveCfg = Release|Any CPU
		{D5C69D4F-0ED5-4498-973D-9A7564AA9501}.Release|x64.Build.0 = Release|Any CPU
		{D5C69D4F-0ED5-4498-973D-9A7564AA9501}.Release|x86.ActiveCfg = Release|Any CPU
		{D5C69D4F-0ED5-4498-973D-9A7564AA9501}.Release|x86.Build.0 = Release|Any CPU
		{750BC59D-51D1-4CB2-81EF-5852772A5FD7}.Debug|Any CPU.ActiveCfg = Debug|Any CPU
		{750BC59D-51D1-4CB2-81EF-5852772A5FD7}.Debug|Any CPU.Build.0 = Debug|Any CPU
		{750BC59D-51D1-4CB2-81EF-5852772A5FD7}.Debug|x64.ActiveCfg = Debug|Any CPU
		{750BC59D-51D1-4CB2-81EF-5852772A5FD7}.Debug|x64.Build.0 = Debug|Any CPU
		{750BC59D-51D1-4CB2-81EF-5852772A5FD7}.Debug|x86.ActiveCfg = Debug|Any CPU
		{750BC59D-51D1-4CB2-81EF-5852772A5FD7}.Debug|x86.Build.0 = Debug|Any CPU
		{750BC59D-51D1-4CB2-81EF-5852772A5FD7}.Release|Any CPU.ActiveCfg = Release|Any CPU
		{750BC59D-51D1-4CB2-81EF-5852772A5FD7}.Release|Any CPU.Build.0 = Release|Any CPU
		{750BC59D-51D1-4CB2-81EF-5852772A5FD7}.Release|x64.ActiveCfg = Release|Any CPU
		{750BC59D-51D1-4CB2-81EF-5852772A5FD7}.Release|x64.Build.0 = Release|Any CPU
		{750BC59D-51D1-4CB2-81EF-5852772A5FD7}.Release|x86.ActiveCfg = Release|Any CPU
		{750BC59D-51D1-4CB2-81EF-5852772A5FD7}.Release|x86.Build.0 = Release|Any CPU
		{38861828-F411-4060-96EF-5465F3424BBD}.Debug|Any CPU.ActiveCfg = Debug|Any CPU
		{38861828-F411-4060-96EF-5465F3424BBD}.Debug|Any CPU.Build.0 = Debug|Any CPU
		{38861828-F411-4060-96EF-5465F3424BBD}.Debug|x64.ActiveCfg = Debug|Any CPU
		{38861828-F411-4060-96EF-5465F3424BBD}.Debug|x64.Build.0 = Debug|Any CPU
		{38861828-F411-4060-96EF-5465F3424BBD}.Debug|x86.ActiveCfg = Debug|Any CPU
		{38861828-F411-4060-96EF-5465F3424BBD}.Debug|x86.Build.0 = Debug|Any CPU
		{38861828-F411-4060-96EF-5465F3424BBD}.Release|Any CPU.ActiveCfg = Release|Any CPU
		{38861828-F411-4060-96EF-5465F3424BBD}.Release|Any CPU.Build.0 = Release|Any CPU
		{38861828-F411-4060-96EF-5465F3424BBD}.Release|x64.ActiveCfg = Release|Any CPU
		{38861828-F411-4060-96EF-5465F3424BBD}.Release|x64.Build.0 = Release|Any CPU
		{38861828-F411-4060-96EF-5465F3424BBD}.Release|x86.ActiveCfg = Release|Any CPU
		{38861828-F411-4060-96EF-5465F3424BBD}.Release|x86.Build.0 = Release|Any CPU
		{0CD37FFB-22CC-4B37-BDD7-C8DBD690AF28}.Debug|Any CPU.ActiveCfg = Debug|Any CPU
		{0CD37FFB-22CC-4B37-BDD7-C8DBD690AF28}.Debug|Any CPU.Build.0 = Debug|Any CPU
		{0CD37FFB-22CC-4B37-BDD7-C8DBD690AF28}.Debug|x64.ActiveCfg = Debug|Any CPU
		{0CD37FFB-22CC-4B37-BDD7-C8DBD690AF28}.Debug|x64.Build.0 = Debug|Any CPU
		{0CD37FFB-22CC-4B37-BDD7-C8DBD690AF28}.Debug|x86.ActiveCfg = Debug|Any CPU
		{0CD37FFB-22CC-4B37-BDD7-C8DBD690AF28}.Debug|x86.Build.0 = Debug|Any CPU
		{0CD37FFB-22CC-4B37-BDD7-C8DBD690AF28}.Release|Any CPU.ActiveCfg = Release|Any CPU
		{0CD37FFB-22CC-4B37-BDD7-C8DBD690AF28}.Release|Any CPU.Build.0 = Release|Any CPU
		{0CD37FFB-22CC-4B37-BDD7-C8DBD690AF28}.Release|x64.ActiveCfg = Release|Any CPU
		{0CD37FFB-22CC-4B37-BDD7-C8DBD690AF28}.Release|x64.Build.0 = Release|Any CPU
		{0CD37FFB-22CC-4B37-BDD7-C8DBD690AF28}.Release|x86.ActiveCfg = Release|Any CPU
		{0CD37FFB-22CC-4B37-BDD7-C8DBD690AF28}.Release|x86.Build.0 = Release|Any CPU
	EndGlobalSection
	GlobalSection(SolutionProperties) = preSolution
		HideSolutionNode = FALSE
	EndGlobalSection
	GlobalSection(NestedProjects) = preSolution
		{254E34A2-AE79-4205-8BFE-3C482F2E65F1} = {17245595-230B-9055-A944-863F0DDDA8E8}
		{B1003A73-DA52-49F3-BFD9-A637D5C9347D} = {17245595-230B-9055-A944-863F0DDDA8E8}
		{70936579-9DDB-452D-AC5C-1C0BB68565D9} = {17245595-230B-9055-A944-863F0DDDA8E8}
		{5E79AD3F-4376-4828-8B0B-85A3DB6BEB8E} = {17245595-230B-9055-A944-863F0DDDA8E8}
		{D5C69D4F-0ED5-4498-973D-9A7564AA9501} = {0AB3BF05-4346-4AA6-1389-037BE0695223}
		{750BC59D-51D1-4CB2-81EF-5852772A5FD7} = {0AB3BF05-4346-4AA6-1389-037BE0695223}
		{38861828-F411-4060-96EF-5465F3424BBD} = {0AB3BF05-4346-4AA6-1389-037BE0695223}
		{0CD37FFB-22CC-4B37-BDD7-C8DBD690AF28} = {0AB3BF05-4346-4AA6-1389-037BE0695223}
	EndGlobalSection
EndGlobal
